// !$*UTF8*$!
{
	archiveVersion = 1;
	classes = {
	};
	objectVersion = 50;
	objects = {

/* Begin PBXBuildFile section */
		C5006AE7262226FA006A2F79 /* AppDelegate.swift in Sources */ = {isa = PBXBuildFile; fileRef = C5006AE6262226FA006A2F79 /* AppDelegate.swift */; };
		C5006AE9262226FA006A2F79 /* SceneDelegate.swift in Sources */ = {isa = PBXBuildFile; fileRef = C5006AE8262226FA006A2F79 /* SceneDelegate.swift */; };
		C5006AEB262226FA006A2F79 /* ViewController.swift in Sources */ = {isa = PBXBuildFile; fileRef = C5006AEA262226FA006A2F79 /* ViewController.swift */; };
		C5006AEE262226FA006A2F79 /* Main.storyboard in Resources */ = {isa = PBXBuildFile; fileRef = C5006AEC262226FA006A2F79 /* Main.storyboard */; };
		C5006AF1262226FA006A2F79 /* todolist_ios.xcdatamodeld in Sources */ = {isa = PBXBuildFile; fileRef = C5006AEF262226FA006A2F79 /* todolist_ios.xcdatamodeld */; };
		C5006AF3262226FD006A2F79 /* Assets.xcassets in Resources */ = {isa = PBXBuildFile; fileRef = C5006AF2262226FD006A2F79 /* Assets.xcassets */; };
		C5006AF6262226FD006A2F79 /* LaunchScreen.storyboard in Resources */ = {isa = PBXBuildFile; fileRef = C5006AF4262226FD006A2F79 /* LaunchScreen.storyboard */; };
		C5006B0026222795006A2F79 /* ToDoListItem+CoreDataClass.swift in Sources */ = {isa = PBXBuildFile; fileRef = C5006AFE26222795006A2F79 /* ToDoListItem+CoreDataClass.swift */; };
		C5006B0126222795006A2F79 /* ToDoListItem+CoreDataProperties.swift in Sources */ = {isa = PBXBuildFile; fileRef = C5006AFF26222795006A2F79 /* ToDoListItem+CoreDataProperties.swift */; };
/* End PBXBuildFile section */

/* Begin PBXFileReference section */
		C5006AE3262226FA006A2F79 /* todolist-ios.app */ = {isa = PBXFileReference; explicitFileType = wrapper.application; includeInIndex = 0; path = "todolist-ios.app"; sourceTree = BUILT_PRODUCTS_DIR; };
		C5006AE6262226FA006A2F79 /* AppDelegate.swift */ = {isa = PBXFileReference; lastKnownFileType = sourcecode.swift; path = AppDelegate.swift; sourceTree = "<group>"; };
		C5006AE8262226FA006A2F79 /* SceneDelegate.swift */ = {isa = PBXFileReference; lastKnownFileType = sourcecode.swift; path = SceneDelegate.swift; sourceTree = "<group>"; };
		C5006AEA262226FA006A2F79 /* ViewController.swift */ = {isa = PBXFileReference; lastKnownFileType = sourcecode.swift; path = ViewController.swift; sourceTree = "<group>"; };
		C5006AED262226FA006A2F79 /* Base */ = {isa = PBXFileReference; lastKnownFileType = file.storyboard; name = Base; path = Base.lproj/Main.storyboard; sourceTree = "<group>"; };
		C5006AF0262226FA006A2F79 /* todolist_ios.xcdatamodel */ = {isa = PBXFileReference; lastKnownFileType = wrapper.xcdatamodel; path = todolist_ios.xcdatamodel; sourceTree = "<group>"; };
		C5006AF2262226FD006A2F79 /* Assets.xcassets */ = {isa = PBXFileReference; lastKnownFileType = folder.assetcatalog; path = Assets.xcassets; sourceTree = "<group>"; };
		C5006AF5262226FD006A2F79 /* Base */ = {isa = PBXFileReference; lastKnownFileType = file.storyboard; name = Base; path = Base.lproj/LaunchScreen.storyboard; sourceTree = "<group>"; };
		C5006AF7262226FD006A2F79 /* Info.plist */ = {isa = PBXFileReference; lastKnownFileType = text.plist.xml; path = Info.plist; sourceTree = "<group>"; };
		C5006AFE26222795006A2F79 /* ToDoListItem+CoreDataClass.swift */ = {isa = PBXFileReference; lastKnownFileType = sourcecode.swift; path = "ToDoListItem+CoreDataClass.swift"; sourceTree = "<group>"; };
		C5006AFF26222795006A2F79 /* ToDoListItem+CoreDataProperties.swift */ = {isa = PBXFileReference; lastKnownFileType = sourcecode.swift; path = "ToDoListItem+CoreDataProperties.swift"; sourceTree = "<group>"; };
/* End PBXFileReference section */

/* Begin PBXFrameworksBuildPhase section */
		C5006AE0262226FA006A2F79 /* Frameworks */ = {
			isa = PBXFrameworksBuildPhase;
			buildActionMask = 2147483647;
			files = (
			);
			runOnlyForDeploymentPostprocessing = 0;
		};
/* End PBXFrameworksBuildPhase section */

/* Begin PBXGroup section */
		C5006ADA262226F9006A2F79 = {
			isa = PBXGroup;
			children = (
				C5006AE5262226FA006A2F79 /* todolist-ios */,
				C5006AE4262226FA006A2F79 /* Products */,
			);
			sourceTree = "<group>";
		};
		C5006AE4262226FA006A2F79 /* Products */ = {
			isa = PBXGroup;
			children = (
				C5006AE3262226FA006A2F79 /* todolist-ios.app */,
			);
			name = Products;
			sourceTree = "<group>";
		};
		C5006AE5262226FA006A2F79 /* todolist-ios */ = {
			isa = PBXGroup;
			children = (
				C5006B04262228BA006A2F79 /* ToDoListItem */,
				C5006AE6262226FA006A2F79 /* AppDelegate.swift */,
				C5006AE8262226FA006A2F79 /* SceneDelegate.swift */,
				C5006AEA262226FA006A2F79 /* ViewController.swift */,
				C5006AEC262226FA006A2F79 /* Main.storyboard */,
				C5006AF2262226FD006A2F79 /* Assets.xcassets */,
				C5006AF4262226FD006A2F79 /* LaunchScreen.storyboard */,
				C5006AF7262226FD006A2F79 /* Info.plist */,
				C5006AEF262226FA006A2F79 /* todolist_ios.xcdatamodeld */,
			);
			path = "todolist-ios";
			sourceTree = "<group>";
		};
		C5006B04262228BA006A2F79 /* ToDoListItem */ = {
			isa = PBXGroup;
			children = (
				C5006AFE26222795006A2F79 /* ToDoListItem+CoreDataClass.swift */,
				C5006AFF26222795006A2F79 /* ToDoListItem+CoreDataProperties.swift */,
			);
			path = ToDoListItem;
			sourceTree = "<group>";
		};
/* End PBXGroup section */

/* Begin PBXNativeTarget section */
		C5006AE2262226FA006A2F79 /* todolist-ios */ = {
			isa = PBXNativeTarget;
			buildConfigurationList = C5006AFA262226FD006A2F79 /* Build configuration list for PBXNativeTarget "todolist-ios" */;
			buildPhases = (
				C5006ADF262226FA006A2F79 /* Sources */,
				C5006AE0262226FA006A2F79 /* Frameworks */,
				C5006AE1262226FA006A2F79 /* Resources */,
			);
			buildRules = (
			);
			dependencies = (
			);
			name = "todolist-ios";
			productName = "todolist-ios";
			productReference = C5006AE3262226FA006A2F79 /* todolist-ios.app */;
			productType = "com.apple.product-type.application";
		};
/* End PBXNativeTarget section */

/* Begin PBXProject section */
		C5006ADB262226F9006A2F79 /* Project object */ = {
			isa = PBXProject;
			attributes = {
				LastSwiftUpdateCheck = 1230;
				LastUpgradeCheck = 1230;
				TargetAttributes = {
					C5006AE2262226FA006A2F79 = {
						CreatedOnToolsVersion = 12.3;
					};
				};
			};
			buildConfigurationList = C5006ADE262226F9006A2F79 /* Build configuration list for PBXProject "todolist-ios" */;
			compatibilityVersion = "Xcode 9.3";
			developmentRegion = en;
			hasScannedForEncodings = 0;
			knownRegions = (
				en,
				Base,
			);
			mainGroup = C5006ADA262226F9006A2F79;
			productRefGroup = C5006AE4262226FA006A2F79 /* Products */;
			projectDirPath = "";
			projectRoot = "";
			targets = (
				C5006AE2262226FA006A2F79 /* todolist-ios */,
			);
		};
/* End PBXProject section */

/* Begin PBXResourcesBuildPhase section */
		C5006AE1262226FA006A2F79 /* Resources */ = {
			isa = PBXResourcesBuildPhase;
			buildActionMask = 2147483647;
			files = (
				C5006AF6262226FD006A2F79 /* LaunchScreen.storyboard in Resources */,
				C5006AF3262226FD006A2F79 /* Assets.xcassets in Resources */,
				C5006AEE262226FA006A2F79 /* Main.storyboard in Resources */,
			);
			runOnlyForDeploymentPostprocessing = 0;
		};
/* End PBXResourcesBuildPhase section */

/* Begin PBXSourcesBuildPhase section */
		C5006ADF262226FA006A2F79 /* Sources */ = {
			isa = PBXSourcesBuildPhase;
			buildActionMask = 2147483647;
			files = (
				C5006AEB262226FA006A2F79 /* ViewController.swift in Sources */,
				C5006AF1262226FA006A2F79 /* todolist_ios.xcdatamodeld in Sources */,
				C5006AE7262226FA006A2F79 /* AppDelegate.swift in Sources */,
				C5006B0026222795006A2F79 /* ToDoListItem+CoreDataClass.swift in Sources */,
				C5006B0126222795006A2F79 /* ToDoListItem+CoreDataProperties.swift in Sources */,
				C5006AE9262226FA006A2F79 /* SceneDelegate.swift in Sources */,
			);
			runOnlyForDeploymentPostprocessing = 0;
		};
/* End PBXSourcesBuildPhase section */

/* Begin PBXVariantGroup section */
		C5006AEC262226FA006A2F79 /* Main.storyboard */ = {
			isa = PBXVariantGroup;
			children = (
				C5006AED262226FA006A2F79 /* Base */,
			);
			name = Main.storyboard;
			sourceTree = "<group>";
		};
		C5006AF4262226FD006A2F79 /* LaunchScreen.storyboard */ = {
			isa = PBXVariantGroup;
			children = (
				C5006AF5262226FD006A2F79 /* Base */,
			);
			name = LaunchScreen.storyboard;
			sourceTree = "<group>";
		};
/* End PBXVariantGroup section */

/* Begin XCBuildConfiguration section */
		C5006AF8262226FD006A2F79 /* Debug */ = {
			isa = XCBuildConfiguration;
			buildSettings = {
				ALWAYS_SEARCH_USER_PATHS = NO;
				CLANG_ANALYZER_NONNULL = YES;
				CLANG_ANALYZER_NUMBER_OBJECT_CONVERSION = YES_AGGRESSIVE;
				CLANG_CXX_LANGUAGE_STANDARD = "gnu++14";
				CLANG_CXX_LIBRARY = "libc++";
				CLANG_ENABLE_MODULES = YES;
				CLANG_ENABLE_OBJC_ARC = YES;
				CLANG_ENABLE_OBJC_WEAK = YES;
				CLANG_WARN_BLOCK_CAPTURE_AUTORELEASING = YES;
				CLANG_WARN_BOOL_CONVERSION = YES;
				CLANG_WARN_COMMA = YES;
				CLANG_WARN_CONSTANT_CONVERSION = YES;
				CLANG_WARN_DEPRECATED_OBJC_IMPLEMENTATIONS = YES;
				CLANG_WARN_DIRECT_OBJC_ISA_USAGE = YES_ERROR;
				CLANG_WARN_DOCUMENTATION_COMMENTS = YES;
				CLANG_WARN_EMPTY_BODY = YES;
				CLANG_WARN_ENUM_CONVERSION = YES;
				CLANG_WARN_INFINITE_RECURSION = YES;
				CLANG_WARN_INT_CONVERSION = YES;
				CLANG_WARN_NON_LITERAL_NULL_CONVERSION = YES;
				CLANG_WARN_OBJC_IMPLICIT_RETAIN_SELF = YES;
				CLANG_WARN_OBJC_LITERAL_CONVERSION = YES;
				CLANG_WARN_OBJC_ROOT_CLASS = YES_ERROR;
				CLANG_WARN_QUOTED_INCLUDE_IN_FRAMEWORK_HEADER = YES;
				CLANG_WARN_RANGE_LOOP_ANALYSIS = YES;
				CLANG_WARN_STRICT_PROTOTYPES = YES;
				CLANG_WARN_SUSPICIOUS_MOVE = YES;
				CLANG_WARN_UNGUARDED_AVAILABILITY = YES_AGGRESSIVE;
				CLANG_WARN_UNREACHABLE_CODE = YES;
				CLANG_WARN__DUPLICATE_METHOD_MATCH = YES;
				COPY_PHASE_STRIP = NO;
				DEBUG_INFORMATION_FORMAT = dwarf;
				ENABLE_STRICT_OBJC_MSGSEND = YES;
				ENABLE_TESTABILITY = YES;
				GCC_C_LANGUAGE_STANDARD = gnu11;
				GCC_DYNAMIC_NO_PIC = NO;
				GCC_NO_COMMON_BLOCKS = YES;
				GCC_OPTIMIZATION_LEVEL = 0;
				GCC_PREPROCESSOR_DEFINITIONS = (
					"DEBUG=1",
					"$(inherited)",
				);
				GCC_WARN_64_TO_32_BIT_CONVERSION = YES;
				GCC_WARN_ABOUT_RETURN_TYPE = YES_ERROR;
				GCC_WARN_UNDECLARED_SELECTOR = YES;
				GCC_WARN_UNINITIALIZED_AUTOS = YES_AGGRESSIVE;
				GCC_WARN_UNUSED_FUNCTION = YES;
				GCC_WARN_UNUSED_VARIABLE = YES;
				IPHONEOS_DEPLOYMENT_TARGET = 14.3;
				MTL_ENABLE_DEBUG_INFO = INCLUDE_SOURCE;
				MTL_FAST_MATH = YES;
				ONLY_ACTIVE_ARCH = YES;
				SDKROOT = iphoneos;
				SWIFT_ACTIVE_COMPILATION_CONDITIONS = DEBUG;
				SWIFT_OPTIMIZATION_LEVEL = "-Onone";
			};
			name = Debug;
		};
		C5006AF9262226FD006A2F79 /* Release */ = {
			isa = XCBuildConfiguration;
			buildSettings = {
				ALWAYS_SEARCH_USER_PATHS = NO;
				CLANG_ANALYZER_NONNULL = YES;
				CLANG_ANALYZER_NUMBER_OBJECT_CONVERSION = YES_AGGRESSIVE;
				CLANG_CXX_LANGUAGE_STANDARD = "gnu++14";
				CLANG_CXX_LIBRARY = "libc++";
				CLANG_ENABLE_MODULES = YES;
				CLANG_ENABLE_OBJC_ARC = YES;
				CLANG_ENABLE_OBJC_WEAK = YES;
				CLANG_WARN_BLOCK_CAPTURE_AUTORELEASING = YES;
				CLANG_WARN_BOOL_CONVERSION = YES;
				CLANG_WARN_COMMA = YES;
				CLANG_WARN_CONSTANT_CONVERSION = YES;
				CLANG_WARN_DEPRECATED_OBJC_IMPLEMENTATIONS = YES;
				CLANG_WARN_DIRECT_OBJC_ISA_USAGE = YES_ERROR;
				CLANG_WARN_DOCUMENTATION_COMMENTS = YES;
				CLANG_WARN_EMPTY_BODY = YES;
				CLANG_WARN_ENUM_CONVERSION = YES;
				CLANG_WARN_INFINITE_RECURSION = YES;
				CLANG_WARN_INT_CONVERSION = YES;
				CLANG_WARN_NON_LITERAL_NULL_CONVERSION = YES;
				CLANG_WARN_OBJC_IMPLICIT_RETAIN_SELF = YES;
				CLANG_WARN_OBJC_LITERAL_CONVERSION = YES;
				CLANG_WARN_OBJC_ROOT_CLASS = YES_ERROR;
				CLANG_WARN_QUOTED_INCLUDE_IN_FRAMEWORK_HEADER = YES;
				CLANG_WARN_RANGE_LOOP_ANALYSIS = YES;
				CLANG_WARN_STRICT_PROTOTYPES = YES;
				CLANG_WARN_SUSPICIOUS_MOVE = YES;
				CLANG_WARN_UNGUARDED_AVAILABILITY = YES_AGGRESSIVE;
				CLANG_WARN_UNREACHABLE_CODE = YES;
				CLANG_WARN__DUPLICATE_METHOD_MATCH = YES;
				COPY_PHASE_STRIP = NO;
				DEBUG_INFORMATION_FORMAT = "dwarf-with-dsym";
				ENABLE_NS_ASSERTIONS = NO;
				ENABLE_STRICT_OBJC_MSGSEND = YES;
				GCC_C_LANGUAGE_STANDARD = gnu11;
				GCC_NO_COMMON_BLOCKS = YES;
				GCC_WARN_64_TO_32_BIT_CONVERSION = YES;
				GCC_WARN_ABOUT_RETURN_TYPE = YES_ERROR;
				GCC_WARN_UNDECLARED_SELECTOR = YES;
				GCC_WARN_UNINITIALIZED_AUTOS = YES_AGGRESSIVE;
				GCC_WARN_UNUSED_FUNCTION = YES;
				GCC_WARN_UNUSED_VARIABLE = YES;
				IPHONEOS_DEPLOYMENT_TARGET = 14.3;
				MTL_ENABLE_DEBUG_INFO = NO;
				MTL_FAST_MATH = YES;
				SDKROOT = iphoneos;
				SWIFT_COMPILATION_MODE = wholemodule;
				SWIFT_OPTIMIZATION_LEVEL = "-O";
				VALIDATE_PRODUCT = YES;
			};
			name = Release;
		};
		C5006AFB262226FD006A2F79 /* Debug */ = {
			isa = XCBuildConfiguration;
			buildSettings = {
				ASSETCATALOG_COMPILER_APPICON_NAME = AppIcon;
				ASSETCATALOG_COMPILER_GLOBAL_ACCENT_COLOR_NAME = AccentColor;
				CODE_SIGN_STYLE = Automatic;
				INFOPLIST_FILE = "todolist-ios/Info.plist";
				LD_RUNPATH_SEARCH_PATHS = (
					"$(inherited)",
					"@executable_path/Frameworks",
				);
				PRODUCT_BUNDLE_IDENTIFIER = "dev.pkdevelopers.todolist-ios";
				PRODUCT_NAME = "$(TARGET_NAME)";
				SWIFT_VERSION = 5.0;
				TARGETED_DEVICE_FAMILY = "1,2";
			};
			name = Debug;
		};
		C5006AFC262226FD006A2F79 /* Release */ = {
			isa = XCBuildConfiguration;
			buildSettings = {
				ASSETCATALOG_COMPILER_APPICON_NAME = AppIcon;
				ASSETCATALOG_COMPILER_GLOBAL_ACCENT_COLOR_NAME = AccentColor;
				CODE_SIGN_STYLE = Automatic;
				INFOPLIST_FILE = "todolist-ios/Info.plist";
				LD_RUNPATH_SEARCH_PATHS = (
					"$(inherited)",
					"@executable_path/Frameworks",
				);
				PRODUCT_BUNDLE_IDENTIFIER = "dev.pkdevelopers.todolist-ios";
				PRODUCT_NAME = "$(TARGET_NAME)";
				SWIFT_VERSION = 5.0;
				TARGETED_DEVICE_FAMILY = "1,2";
			};
			name = Release;
		};
/* End XCBuildConfiguration section */

/* Begin XCConfigurationList section */
		C5006ADE262226F9006A2F79 /* Build configuration list for PBXProject "todolist-ios" */ = {
			isa = XCConfigurationList;
			buildConfigurations = (
				C5006AF8262226FD006A2F79 /* Debug */,
				C5006AF9262226FD006A2F79 /* Release */,
			);
			defaultConfigurationIsVisible = 0;
			defaultConfigurationName = Release;
		};
		C5006AFA262226FD006A2F79 /* Build configuration list for PBXNativeTarget "todolist-ios" */ = {
			isa = XCConfigurationList;
			buildConfigurations = (
				C5006AFB262226FD006A2F79 /* Debug */,
				C5006AFC262226FD006A2F79 /* Release */,
			);
			defaultConfigurationIsVisible = 0;
			defaultConfigurationName = Release;
		};
/* End XCConfigurationList section */

/* Begin XCVersionGroup section */
		C5006AEF262226FA006A2F79 /* todolist_ios.xcdatamodeld */ = {
			isa = XCVersionGroup;
			children = (
				C5006AF0262226FA006A2F79 /* todolist_ios.xcdatamodel */,
			);
			currentVersion = C5006AF0262226FA006A2F79 /* todolist_ios.xcdatamodel */;
			path = todolist_ios.xcdatamodeld;
			sourceTree = "<group>";
			versionGroupType = wrapper.xcdatamodel;
		};
/* End XCVersionGroup section */
	};
	rootObject = C5006ADB262226F9006A2F79 /* Project object */;
}
